// !$*UTF8*$!
{
	archiveVersion = 1;
	classes = {
	};
	objectVersion = 77;
	objects = {

/* Begin PBXBuildFile section */
		915416AD2D632CCF00E72223 /* Gravatar App Clip.app in Embed App Clips */ = {isa = PBXBuildFile; fileRef = 915416882D632CCE00E72223 /* Gravatar App Clip.app */; settings = {ATTRIBUTES = (RemoveHeadersOnCopy, ); }; };
/* End PBXBuildFile section */

/* Begin PBXContainerItemProxy section */
		915416682D62389700E72223 /* PBXContainerItemProxy */ = {
			isa = PBXContainerItemProxy;
			containerPortal = 9154164F2D62389600E72223 /* Project object */;
			proxyType = 1;
			remoteGlobalIDString = 915416562D62389600E72223;
			remoteInfo = TestiOSApp;
		};
		915416722D62389700E72223 /* PBXContainerItemProxy */ = {
			isa = PBXContainerItemProxy;
			containerPortal = 9154164F2D62389600E72223 /* Project object */;
			proxyType = 1;
			remoteGlobalIDString = 915416562D62389600E72223;
			remoteInfo = TestiOSApp;
		};
		9154169A2D632CCF00E72223 /* PBXContainerItemProxy */ = {
			isa = PBXContainerItemProxy;
			containerPortal = 9154164F2D62389600E72223 /* Project object */;
			proxyType = 1;
			remoteGlobalIDString = 915416872D632CCE00E72223;
			remoteInfo = "Gravatar App Clip";
		};
		915416A42D632CCF00E72223 /* PBXContainerItemProxy */ = {
			isa = PBXContainerItemProxy;
			containerPortal = 9154164F2D62389600E72223 /* Project object */;
			proxyType = 1;
			remoteGlobalIDString = 915416872D632CCE00E72223;
			remoteInfo = "Gravatar App Clip";
		};
		915416AB2D632CCF00E72223 /* PBXContainerItemProxy */ = {
			isa = PBXContainerItemProxy;
			containerPortal = 9154164F2D62389600E72223 /* Project object */;
			proxyType = 1;
			remoteGlobalIDString = 915416872D632CCE00E72223;
			remoteInfo = "Gravatar App Clip";
		};
/* End PBXContainerItemProxy section */

/* Begin PBXCopyFilesBuildPhase section */
		915416B22D632CCF00E72223 /* Embed App Clips */ = {
			isa = PBXCopyFilesBuildPhase;
			buildActionMask = 2147483647;
			dstPath = "$(CONTENTS_FOLDER_PATH)/AppClips";
			dstSubfolderSpec = 16;
			files = (
				915416AD2D632CCF00E72223 /* Gravatar App Clip.app in Embed App Clips */,
			);
			name = "Embed App Clips";
			runOnlyForDeploymentPostprocessing = 0;
		};
/* End PBXCopyFilesBuildPhase section */

/* Begin PBXFileReference section */
		915416572D62389600E72223 /* TestiOSApp.app */ = {isa = PBXFileReference; explicitFileType = wrapper.application; includeInIndex = 0; path = TestiOSApp.app; sourceTree = BUILT_PRODUCTS_DIR; };
		915416672D62389700E72223 /* TestiOSAppTests.xctest */ = {isa = PBXFileReference; explicitFileType = wrapper.cfbundle; includeInIndex = 0; path = TestiOSAppTests.xctest; sourceTree = BUILT_PRODUCTS_DIR; };
		915416712D62389700E72223 /* TestiOSAppUITests.xctest */ = {isa = PBXFileReference; explicitFileType = wrapper.cfbundle; includeInIndex = 0; path = TestiOSAppUITests.xctest; sourceTree = BUILT_PRODUCTS_DIR; };
		915416882D632CCE00E72223 /* Gravatar App Clip.app */ = {isa = PBXFileReference; explicitFileType = wrapper.application; includeInIndex = 0; path = "Gravatar App Clip.app"; sourceTree = BUILT_PRODUCTS_DIR; };
		915416992D632CCF00E72223 /* Gravatar App ClipTests.xctest */ = {isa = PBXFileReference; explicitFileType = wrapper.cfbundle; includeInIndex = 0; path = "Gravatar App ClipTests.xctest"; sourceTree = BUILT_PRODUCTS_DIR; };
		915416A32D632CCF00E72223 /* Gravatar App ClipUITests.xctest */ = {isa = PBXFileReference; explicitFileType = wrapper.cfbundle; includeInIndex = 0; path = "Gravatar App ClipUITests.xctest"; sourceTree = BUILT_PRODUCTS_DIR; };
/* End PBXFileReference section */

/* Begin PBXFileSystemSynchronizedBuildFileExceptionSet section */
		915416AE2D632CCF00E72223 /* Exceptions for "Gravatar App Clip" folder in "Gravatar App Clip" target */ = {
			isa = PBXFileSystemSynchronizedBuildFileExceptionSet;
			membershipExceptions = (
				Info.plist,
			);
			target = 915416872D632CCE00E72223 /* Gravatar App Clip */;
		};
/* End PBXFileSystemSynchronizedBuildFileExceptionSet section */

/* Begin PBXFileSystemSynchronizedRootGroup section */
		915416592D62389600E72223 /* TestiOSApp */ = {
			isa = PBXFileSystemSynchronizedRootGroup;
			path = TestiOSApp;
			sourceTree = "<group>";
		};
		9154166A2D62389700E72223 /* TestiOSAppTests */ = {
			isa = PBXFileSystemSynchronizedRootGroup;
			path = TestiOSAppTests;
			sourceTree = "<group>";
		};
		915416742D62389700E72223 /* TestiOSAppUITests */ = {
			isa = PBXFileSystemSynchronizedRootGroup;
			path = TestiOSAppUITests;
			sourceTree = "<group>";
		};
		915416892D632CCE00E72223 /* Gravatar App Clip */ = {
			isa = PBXFileSystemSynchronizedRootGroup;
			exceptions = (
				915416AE2D632CCF00E72223 /* Exceptions for "Gravatar App Clip" folder in "Gravatar App Clip" target */,
			);
			path = "Gravatar App Clip";
			sourceTree = "<group>";
		};
		9154169C2D632CCF00E72223 /* Gravatar App ClipTests */ = {
			isa = PBXFileSystemSynchronizedRootGroup;
			path = "Gravatar App ClipTests";
			sourceTree = "<group>";
		};
		915416A62D632CCF00E72223 /* Gravatar App ClipUITests */ = {
			isa = PBXFileSystemSynchronizedRootGroup;
			path = "Gravatar App ClipUITests";
			sourceTree = "<group>";
		};
/* End PBXFileSystemSynchronizedRootGroup section */

/* Begin PBXFrameworksBuildPhase section */
		915416542D62389600E72223 /* Frameworks */ = {
			isa = PBXFrameworksBuildPhase;
			buildActionMask = 2147483647;
			files = (
			);
			runOnlyForDeploymentPostprocessing = 0;
		};
		915416642D62389700E72223 /* Frameworks */ = {
			isa = PBXFrameworksBuildPhase;
			buildActionMask = 2147483647;
			files = (
			);
			runOnlyForDeploymentPostprocessing = 0;
		};
		9154166E2D62389700E72223 /* Frameworks */ = {
			isa = PBXFrameworksBuildPhase;
			buildActionMask = 2147483647;
			files = (
			);
			runOnlyForDeploymentPostprocessing = 0;
		};
		915416852D632CCE00E72223 /* Frameworks */ = {
			isa = PBXFrameworksBuildPhase;
			buildActionMask = 2147483647;
			files = (
			);
			runOnlyForDeploymentPostprocessing = 0;
		};
		915416962D632CCF00E72223 /* Frameworks */ = {
			isa = PBXFrameworksBuildPhase;
			buildActionMask = 2147483647;
			files = (
			);
			runOnlyForDeploymentPostprocessing = 0;
		};
		915416A02D632CCF00E72223 /* Frameworks */ = {
			isa = PBXFrameworksBuildPhase;
			buildActionMask = 2147483647;
			files = (
			);
			runOnlyForDeploymentPostprocessing = 0;
		};
/* End PBXFrameworksBuildPhase section */

/* Begin PBXGroup section */
		9154164E2D62389600E72223 = {
			isa = PBXGroup;
			children = (
				915416592D62389600E72223 /* TestiOSApp */,
				9154166A2D62389700E72223 /* TestiOSAppTests */,
				915416742D62389700E72223 /* TestiOSAppUITests */,
				915416892D632CCE00E72223 /* Gravatar App Clip */,
				9154169C2D632CCF00E72223 /* Gravatar App ClipTests */,
				915416A62D632CCF00E72223 /* Gravatar App ClipUITests */,
				915416582D62389600E72223 /* Products */,
			);
			sourceTree = "<group>";
		};
		915416582D62389600E72223 /* Products */ = {
			isa = PBXGroup;
			children = (
				915416572D62389600E72223 /* TestiOSApp.app */,
				915416672D62389700E72223 /* TestiOSAppTests.xctest */,
				915416712D62389700E72223 /* TestiOSAppUITests.xctest */,
				915416882D632CCE00E72223 /* Gravatar App Clip.app */,
				915416992D632CCF00E72223 /* Gravatar App ClipTests.xctest */,
				915416A32D632CCF00E72223 /* Gravatar App ClipUITests.xctest */,
			);
			name = Products;
			sourceTree = "<group>";
		};
/* End PBXGroup section */

/* Begin PBXNativeTarget section */
		915416562D62389600E72223 /* TestiOSApp */ = {
			isa = PBXNativeTarget;
			buildConfigurationList = 9154167B2D62389700E72223 /* Build configuration list for PBXNativeTarget "TestiOSApp" */;
			buildPhases = (
				915416532D62389600E72223 /* Sources */,
				915416542D62389600E72223 /* Frameworks */,
				915416552D62389600E72223 /* Resources */,
				915416B22D632CCF00E72223 /* Embed App Clips */,
			);
			buildRules = (
			);
			dependencies = (
				915416AC2D632CCF00E72223 /* PBXTargetDependency */,
			);
			fileSystemSynchronizedGroups = (
				915416592D62389600E72223 /* TestiOSApp */,
			);
			name = TestiOSApp;
			packageProductDependencies = (
			);
			productName = TestiOSApp;
			productReference = 915416572D62389600E72223 /* TestiOSApp.app */;
			productType = "com.apple.product-type.application";
		};
		915416662D62389700E72223 /* TestiOSAppTests */ = {
			isa = PBXNativeTarget;
			buildConfigurationList = 9154167E2D62389700E72223 /* Build configuration list for PBXNativeTarget "TestiOSAppTests" */;
			buildPhases = (
				915416632D62389700E72223 /* Sources */,
				915416642D62389700E72223 /* Frameworks */,
				915416652D62389700E72223 /* Resources */,
			);
			buildRules = (
			);
			dependencies = (
				915416692D62389700E72223 /* PBXTargetDependency */,
			);
			fileSystemSynchronizedGroups = (
				9154166A2D62389700E72223 /* TestiOSAppTests */,
			);
			name = TestiOSAppTests;
			packageProductDependencies = (
			);
			productName = TestiOSAppTests;
			productReference = 915416672D62389700E72223 /* TestiOSAppTests.xctest */;
			productType = "com.apple.product-type.bundle.unit-test";
		};
		915416702D62389700E72223 /* TestiOSAppUITests */ = {
			isa = PBXNativeTarget;
			buildConfigurationList = 915416812D62389700E72223 /* Build configuration list for PBXNativeTarget "TestiOSAppUITests" */;
			buildPhases = (
				9154166D2D62389700E72223 /* Sources */,
				9154166E2D62389700E72223 /* Frameworks */,
				9154166F2D62389700E72223 /* Resources */,
			);
			buildRules = (
			);
			dependencies = (
				915416732D62389700E72223 /* PBXTargetDependency */,
			);
			fileSystemSynchronizedGroups = (
				915416742D62389700E72223 /* TestiOSAppUITests */,
			);
			name = TestiOSAppUITests;
			packageProductDependencies = (
			);
			productName = TestiOSAppUITests;
			productReference = 915416712D62389700E72223 /* TestiOSAppUITests.xctest */;
			productType = "com.apple.product-type.bundle.ui-testing";
		};
		915416872D632CCE00E72223 /* Gravatar App Clip */ = {
			isa = PBXNativeTarget;
			buildConfigurationList = 915416AF2D632CCF00E72223 /* Build configuration list for PBXNativeTarget "Gravatar App Clip" */;
			buildPhases = (
				915416842D632CCE00E72223 /* Sources */,
				915416852D632CCE00E72223 /* Frameworks */,
				915416862D632CCE00E72223 /* Resources */,
			);
			buildRules = (
			);
			dependencies = (
			);
			fileSystemSynchronizedGroups = (
				915416892D632CCE00E72223 /* Gravatar App Clip */,
			);
			name = "Gravatar App Clip";
			packageProductDependencies = (
			);
			productName = "Gravatar App Clip";
			productReference = 915416882D632CCE00E72223 /* Gravatar App Clip.app */;
			productType = "com.apple.product-type.application.on-demand-install-capable";
		};
		915416982D632CCF00E72223 /* Gravatar App ClipTests */ = {
			isa = PBXNativeTarget;
			buildConfigurationList = 915416B32D632CCF00E72223 /* Build configuration list for PBXNativeTarget "Gravatar App ClipTests" */;
			buildPhases = (
				915416952D632CCF00E72223 /* Sources */,
				915416962D632CCF00E72223 /* Frameworks */,
				915416972D632CCF00E72223 /* Resources */,
			);
			buildRules = (
			);
			dependencies = (
				9154169B2D632CCF00E72223 /* PBXTargetDependency */,
			);
			fileSystemSynchronizedGroups = (
				9154169C2D632CCF00E72223 /* Gravatar App ClipTests */,
			);
			name = "Gravatar App ClipTests";
			packageProductDependencies = (
			);
			productName = "Gravatar App ClipTests";
			productReference = 915416992D632CCF00E72223 /* Gravatar App ClipTests.xctest */;
			productType = "com.apple.product-type.bundle.unit-test";
		};
		915416A22D632CCF00E72223 /* Gravatar App ClipUITests */ = {
			isa = PBXNativeTarget;
			buildConfigurationList = 915416B62D632CCF00E72223 /* Build configuration list for PBXNativeTarget "Gravatar App ClipUITests" */;
			buildPhases = (
				9154169F2D632CCF00E72223 /* Sources */,
				915416A02D632CCF00E72223 /* Frameworks */,
				915416A12D632CCF00E72223 /* Resources */,
			);
			buildRules = (
			);
			dependencies = (
				915416A52D632CCF00E72223 /* PBXTargetDependency */,
			);
			fileSystemSynchronizedGroups = (
				915416A62D632CCF00E72223 /* Gravatar App ClipUITests */,
			);
			name = "Gravatar App ClipUITests";
			packageProductDependencies = (
			);
			productName = "Gravatar App ClipUITests";
			productReference = 915416A32D632CCF00E72223 /* Gravatar App ClipUITests.xctest */;
			productType = "com.apple.product-type.bundle.ui-testing";
		};
/* End PBXNativeTarget section */

/* Begin PBXProject section */
		9154164F2D62389600E72223 /* Project object */ = {
			isa = PBXProject;
			attributes = {
				BuildIndependentTargetsInParallel = 1;
				LastSwiftUpdateCheck = 1620;
				LastUpgradeCheck = 1620;
				TargetAttributes = {
					915416562D62389600E72223 = {
						CreatedOnToolsVersion = 16.2;
					};
					915416662D62389700E72223 = {
						CreatedOnToolsVersion = 16.2;
						TestTargetID = 915416562D62389600E72223;
					};
					915416702D62389700E72223 = {
						CreatedOnToolsVersion = 16.2;
						TestTargetID = 915416562D62389600E72223;
					};
					915416872D632CCE00E72223 = {
						CreatedOnToolsVersion = 16.2;
					};
					915416982D632CCF00E72223 = {
						CreatedOnToolsVersion = 16.2;
						TestTargetID = 915416872D632CCE00E72223;
					};
					915416A22D632CCF00E72223 = {
						CreatedOnToolsVersion = 16.2;
						TestTargetID = 915416872D632CCE00E72223;
					};
				};
			};
			buildConfigurationList = 915416522D62389600E72223 /* Build configuration list for PBXProject "TestiOSApp" */;
			developmentRegion = en;
			hasScannedForEncodings = 0;
			knownRegions = (
				en,
				Base,
			);
			mainGroup = 9154164E2D62389600E72223;
			minimizedProjectReferenceProxies = 1;
			preferredProjectObjectVersion = 77;
			productRefGroup = 915416582D62389600E72223 /* Products */;
			projectDirPath = "";
			projectRoot = "";
			targets = (
				915416562D62389600E72223 /* TestiOSApp */,
				915416662D62389700E72223 /* TestiOSAppTests */,
				915416702D62389700E72223 /* TestiOSAppUITests */,
				915416872D632CCE00E72223 /* Gravatar App Clip */,
				915416982D632CCF00E72223 /* Gravatar App ClipTests */,
				915416A22D632CCF00E72223 /* Gravatar App ClipUITests */,
			);
		};
/* End PBXProject section */

/* Begin PBXResourcesBuildPhase section */
		915416552D62389600E72223 /* Resources */ = {
			isa = PBXResourcesBuildPhase;
			buildActionMask = 2147483647;
			files = (
			);
			runOnlyForDeploymentPostprocessing = 0;
		};
		915416652D62389700E72223 /* Resources */ = {
			isa = PBXResourcesBuildPhase;
			buildActionMask = 2147483647;
			files = (
			);
			runOnlyForDeploymentPostprocessing = 0;
		};
		9154166F2D62389700E72223 /* Resources */ = {
			isa = PBXResourcesBuildPhase;
			buildActionMask = 2147483647;
			files = (
			);
			runOnlyForDeploymentPostprocessing = 0;
		};
		915416862D632CCE00E72223 /* Resources */ = {
			isa = PBXResourcesBuildPhase;
			buildActionMask = 2147483647;
			files = (
			);
			runOnlyForDeploymentPostprocessing = 0;
		};
		915416972D632CCF00E72223 /* Resources */ = {
			isa = PBXResourcesBuildPhase;
			buildActionMask = 2147483647;
			files = (
			);
			runOnlyForDeploymentPostprocessing = 0;
		};
		915416A12D632CCF00E72223 /* Resources */ = {
			isa = PBXResourcesBuildPhase;
			buildActionMask = 2147483647;
			files = (
			);
			runOnlyForDeploymentPostprocessing = 0;
		};
/* End PBXResourcesBuildPhase section */

/* Begin PBXSourcesBuildPhase section */
		915416532D62389600E72223 /* Sources */ = {
			isa = PBXSourcesBuildPhase;
			buildActionMask = 2147483647;
			files = (
			);
			runOnlyForDeploymentPostprocessing = 0;
		};
		915416632D62389700E72223 /* Sources */ = {
			isa = PBXSourcesBuildPhase;
			buildActionMask = 2147483647;
			files = (
			);
			runOnlyForDeploymentPostprocessing = 0;
		};
		9154166D2D62389700E72223 /* Sources */ = {
			isa = PBXSourcesBuildPhase;
			buildActionMask = 2147483647;
			files = (
			);
			runOnlyForDeploymentPostprocessing = 0;
		};
		915416842D632CCE00E72223 /* Sources */ = {
			isa = PBXSourcesBuildPhase;
			buildActionMask = 2147483647;
			files = (
			);
			runOnlyForDeploymentPostprocessing = 0;
		};
		915416952D632CCF00E72223 /* Sources */ = {
			isa = PBXSourcesBuildPhase;
			buildActionMask = 2147483647;
			files = (
			);
			runOnlyForDeploymentPostprocessing = 0;
		};
		9154169F2D632CCF00E72223 /* Sources */ = {
			isa = PBXSourcesBuildPhase;
			buildActionMask = 2147483647;
			files = (
			);
			runOnlyForDeploymentPostprocessing = 0;
		};
/* End PBXSourcesBuildPhase section */

/* Begin PBXTargetDependency section */
		915416692D62389700E72223 /* PBXTargetDependency */ = {
			isa = PBXTargetDependency;
			target = 915416562D62389600E72223 /* TestiOSApp */;
			targetProxy = 915416682D62389700E72223 /* PBXContainerItemProxy */;
		};
		915416732D62389700E72223 /* PBXTargetDependency */ = {
			isa = PBXTargetDependency;
			target = 915416562D62389600E72223 /* TestiOSApp */;
			targetProxy = 915416722D62389700E72223 /* PBXContainerItemProxy */;
		};
		9154169B2D632CCF00E72223 /* PBXTargetDependency */ = {
			isa = PBXTargetDependency;
			target = 915416872D632CCE00E72223 /* Gravatar App Clip */;
			targetProxy = 9154169A2D632CCF00E72223 /* PBXContainerItemProxy */;
		};
		915416A52D632CCF00E72223 /* PBXTargetDependency */ = {
			isa = PBXTargetDependency;
			target = 915416872D632CCE00E72223 /* Gravatar App Clip */;
			targetProxy = 915416A42D632CCF00E72223 /* PBXContainerItemProxy */;
		};
		915416AC2D632CCF00E72223 /* PBXTargetDependency */ = {
			isa = PBXTargetDependency;
			target = 915416872D632CCE00E72223 /* Gravatar App Clip */;
			targetProxy = 915416AB2D632CCF00E72223 /* PBXContainerItemProxy */;
		};
/* End PBXTargetDependency section */

/* Begin XCBuildConfiguration section */
		915416792D62389700E72223 /* Debug */ = {
			isa = XCBuildConfiguration;
			buildSettings = {
				ALWAYS_SEARCH_USER_PATHS = NO;
				ASSETCATALOG_COMPILER_GENERATE_SWIFT_ASSET_SYMBOL_EXTENSIONS = YES;
				CLANG_ANALYZER_NONNULL = YES;
				CLANG_ANALYZER_NUMBER_OBJECT_CONVERSION = YES_AGGRESSIVE;
				CLANG_CXX_LANGUAGE_STANDARD = "gnu++20";
				CLANG_ENABLE_MODULES = YES;
				CLANG_ENABLE_OBJC_ARC = YES;
				CLANG_ENABLE_OBJC_WEAK = YES;
				CLANG_WARN_BLOCK_CAPTURE_AUTORELEASING = YES;
				CLANG_WARN_BOOL_CONVERSION = YES;
				CLANG_WARN_COMMA = YES;
				CLANG_WARN_CONSTANT_CONVERSION = YES;
				CLANG_WARN_DEPRECATED_OBJC_IMPLEMENTATIONS = YES;
				CLANG_WARN_DIRECT_OBJC_ISA_USAGE = YES_ERROR;
				CLANG_WARN_DOCUMENTATION_COMMENTS = YES;
				CLANG_WARN_EMPTY_BODY = YES;
				CLANG_WARN_ENUM_CONVERSION = YES;
				CLANG_WARN_INFINITE_RECURSION = YES;
				CLANG_WARN_INT_CONVERSION = YES;
				CLANG_WARN_NON_LITERAL_NULL_CONVERSION = YES;
				CLANG_WARN_OBJC_IMPLICIT_RETAIN_SELF = YES;
				CLANG_WARN_OBJC_LITERAL_CONVERSION = YES;
				CLANG_WARN_OBJC_ROOT_CLASS = YES_ERROR;
				CLANG_WARN_QUOTED_INCLUDE_IN_FRAMEWORK_HEADER = YES;
				CLANG_WARN_RANGE_LOOP_ANALYSIS = YES;
				CLANG_WARN_STRICT_PROTOTYPES = YES;
				CLANG_WARN_SUSPICIOUS_MOVE = YES;
				CLANG_WARN_UNGUARDED_AVAILABILITY = YES_AGGRESSIVE;
				CLANG_WARN_UNREACHABLE_CODE = YES;
				CLANG_WARN__DUPLICATE_METHOD_MATCH = YES;
				COPY_PHASE_STRIP = NO;
				DEBUG_INFORMATION_FORMAT = dwarf;
				ENABLE_STRICT_OBJC_MSGSEND = YES;
				ENABLE_TESTABILITY = YES;
				ENABLE_USER_SCRIPT_SANDBOXING = YES;
				GCC_C_LANGUAGE_STANDARD = gnu17;
				GCC_DYNAMIC_NO_PIC = NO;
				GCC_NO_COMMON_BLOCKS = YES;
				GCC_OPTIMIZATION_LEVEL = 0;
				GCC_PREPROCESSOR_DEFINITIONS = (
					"DEBUG=1",
					"$(inherited)",
				);
				GCC_WARN_64_TO_32_BIT_CONVERSION = YES;
				GCC_WARN_ABOUT_RETURN_TYPE = YES_ERROR;
				GCC_WARN_UNDECLARED_SELECTOR = YES;
				GCC_WARN_UNINITIALIZED_AUTOS = YES_AGGRESSIVE;
				GCC_WARN_UNUSED_FUNCTION = YES;
				GCC_WARN_UNUSED_VARIABLE = YES;
				IPHONEOS_DEPLOYMENT_TARGET = 18.2;
				LOCALIZATION_PREFERS_STRING_CATALOGS = YES;
				MTL_ENABLE_DEBUG_INFO = INCLUDE_SOURCE;
				MTL_FAST_MATH = YES;
				ONLY_ACTIVE_ARCH = YES;
				SDKROOT = iphoneos;
				SWIFT_ACTIVE_COMPILATION_CONDITIONS = "DEBUG $(inherited)";
				SWIFT_OPTIMIZATION_LEVEL = "-Onone";
			};
			name = Debug;
		};
		9154167A2D62389700E72223 /* Release */ = {
			isa = XCBuildConfiguration;
			buildSettings = {
				ALWAYS_SEARCH_USER_PATHS = NO;
				ASSETCATALOG_COMPILER_GENERATE_SWIFT_ASSET_SYMBOL_EXTENSIONS = YES;
				CLANG_ANALYZER_NONNULL = YES;
				CLANG_ANALYZER_NUMBER_OBJECT_CONVERSION = YES_AGGRESSIVE;
				CLANG_CXX_LANGUAGE_STANDARD = "gnu++20";
				CLANG_ENABLE_MODULES = YES;
				CLANG_ENABLE_OBJC_ARC = YES;
				CLANG_ENABLE_OBJC_WEAK = YES;
				CLANG_WARN_BLOCK_CAPTURE_AUTORELEASING = YES;
				CLANG_WARN_BOOL_CONVERSION = YES;
				CLANG_WARN_COMMA = YES;
				CLANG_WARN_CONSTANT_CONVERSION = YES;
				CLANG_WARN_DEPRECATED_OBJC_IMPLEMENTATIONS = YES;
				CLANG_WARN_DIRECT_OBJC_ISA_USAGE = YES_ERROR;
				CLANG_WARN_DOCUMENTATION_COMMENTS = YES;
				CLANG_WARN_EMPTY_BODY = YES;
				CLANG_WARN_ENUM_CONVERSION = YES;
				CLANG_WARN_INFINITE_RECURSION = YES;
				CLANG_WARN_INT_CONVERSION = YES;
				CLANG_WARN_NON_LITERAL_NULL_CONVERSION = YES;
				CLANG_WARN_OBJC_IMPLICIT_RETAIN_SELF = YES;
				CLANG_WARN_OBJC_LITERAL_CONVERSION = YES;
				CLANG_WARN_OBJC_ROOT_CLASS = YES_ERROR;
				CLANG_WARN_QUOTED_INCLUDE_IN_FRAMEWORK_HEADER = YES;
				CLANG_WARN_RANGE_LOOP_ANALYSIS = YES;
				CLANG_WARN_STRICT_PROTOTYPES = YES;
				CLANG_WARN_SUSPICIOUS_MOVE = YES;
				CLANG_WARN_UNGUARDED_AVAILABILITY = YES_AGGRESSIVE;
				CLANG_WARN_UNREACHABLE_CODE = YES;
				CLANG_WARN__DUPLICATE_METHOD_MATCH = YES;
				COPY_PHASE_STRIP = NO;
				DEBUG_INFORMATION_FORMAT = "dwarf-with-dsym";
				ENABLE_NS_ASSERTIONS = NO;
				ENABLE_STRICT_OBJC_MSGSEND = YES;
				ENABLE_USER_SCRIPT_SANDBOXING = YES;
				GCC_C_LANGUAGE_STANDARD = gnu17;
				GCC_NO_COMMON_BLOCKS = YES;
				GCC_WARN_64_TO_32_BIT_CONVERSION = YES;
				GCC_WARN_ABOUT_RETURN_TYPE = YES_ERROR;
				GCC_WARN_UNDECLARED_SELECTOR = YES;
				GCC_WARN_UNINITIALIZED_AUTOS = YES_AGGRESSIVE;
				GCC_WARN_UNUSED_FUNCTION = YES;
				GCC_WARN_UNUSED_VARIABLE = YES;
				IPHONEOS_DEPLOYMENT_TARGET = 18.2;
				LOCALIZATION_PREFERS_STRING_CATALOGS = YES;
				MTL_ENABLE_DEBUG_INFO = NO;
				MTL_FAST_MATH = YES;
				SDKROOT = iphoneos;
				SWIFT_COMPILATION_MODE = wholemodule;
				VALIDATE_PRODUCT = YES;
			};
			name = Release;
		};
		9154167C2D62389700E72223 /* Debug */ = {
			isa = XCBuildConfiguration;
			buildSettings = {
				ASSETCATALOG_COMPILER_APPICON_NAME = AppIcon;
				ASSETCATALOG_COMPILER_GLOBAL_ACCENT_COLOR_NAME = AccentColor;
				CODE_SIGN_ENTITLEMENTS = TestiOSApp/TestiOSApp.entitlements;
				CODE_SIGN_STYLE = Automatic;
				CURRENT_PROJECT_VERSION = 4;
				DEVELOPMENT_ASSET_PATHS = "\"TestiOSApp/Preview Content\"";
				DEVELOPMENT_TEAM = SH63W6PH4B;
				ENABLE_PREVIEWS = YES;
				GENERATE_INFOPLIST_FILE = YES;
				INFOPLIST_KEY_CFBundleDisplayName = "Gravatar Test";
				INFOPLIST_KEY_LSApplicationCategoryType = "public.app-category.utilities";
				INFOPLIST_KEY_UIApplicationSceneManifest_Generation = YES;
				INFOPLIST_KEY_UIApplicationSupportsIndirectInputEvents = YES;
				INFOPLIST_KEY_UILaunchScreen_Generation = YES;
				INFOPLIST_KEY_UISupportedInterfaceOrientations_iPad = "UIInterfaceOrientationPortrait UIInterfaceOrientationPortraitUpsideDown UIInterfaceOrientationLandscapeLeft UIInterfaceOrientationLandscapeRight";
				INFOPLIST_KEY_UISupportedInterfaceOrientations_iPhone = "UIInterfaceOrientationPortrait UIInterfaceOrientationLandscapeLeft UIInterfaceOrientationLandscapeRight";
				IPHONEOS_DEPLOYMENT_TARGET = 18.0;
				LD_RUNPATH_SEARCH_PATHS = (
					"$(inherited)",
					"@executable_path/Frameworks",
				);
				MARKETING_VERSION = 1.0.1;
				PRODUCT_BUNDLE_IDENTIFIER = com.pinar.test.TestiOSApp;
				PRODUCT_NAME = "$(TARGET_NAME)";
				SUPPORTED_PLATFORMS = "iphoneos iphonesimulator";
				SUPPORTS_MACCATALYST = NO;
				SUPPORTS_MAC_DESIGNED_FOR_IPHONE_IPAD = NO;
				SUPPORTS_XR_DESIGNED_FOR_IPHONE_IPAD = NO;
				SWIFT_EMIT_LOC_STRINGS = YES;
				SWIFT_VERSION = 5.0;
				TARGETED_DEVICE_FAMILY = "1,2";
			};
			name = Debug;
		};
		9154167D2D62389700E72223 /* Release */ = {
			isa = XCBuildConfiguration;
			buildSettings = {
				ASSETCATALOG_COMPILER_APPICON_NAME = AppIcon;
				ASSETCATALOG_COMPILER_GLOBAL_ACCENT_COLOR_NAME = AccentColor;
				CODE_SIGN_ENTITLEMENTS = TestiOSApp/TestiOSApp.entitlements;
				CODE_SIGN_STYLE = Automatic;
				CURRENT_PROJECT_VERSION = 4;
				DEVELOPMENT_ASSET_PATHS = "\"TestiOSApp/Preview Content\"";
				DEVELOPMENT_TEAM = SH63W6PH4B;
				ENABLE_PREVIEWS = YES;
				GENERATE_INFOPLIST_FILE = YES;
				INFOPLIST_KEY_CFBundleDisplayName = "Gravatar Test";
				INFOPLIST_KEY_LSApplicationCategoryType = "public.app-category.utilities";
				INFOPLIST_KEY_UIApplicationSceneManifest_Generation = YES;
				INFOPLIST_KEY_UIApplicationSupportsIndirectInputEvents = YES;
				INFOPLIST_KEY_UILaunchScreen_Generation = YES;
				INFOPLIST_KEY_UISupportedInterfaceOrientations_iPad = "UIInterfaceOrientationPortrait UIInterfaceOrientationPortraitUpsideDown UIInterfaceOrientationLandscapeLeft UIInterfaceOrientationLandscapeRight";
				INFOPLIST_KEY_UISupportedInterfaceOrientations_iPhone = "UIInterfaceOrientationPortrait UIInterfaceOrientationLandscapeLeft UIInterfaceOrientationLandscapeRight";
				IPHONEOS_DEPLOYMENT_TARGET = 18.0;
				LD_RUNPATH_SEARCH_PATHS = (
					"$(inherited)",
					"@executable_path/Frameworks",
				);
				MARKETING_VERSION = 1.0.1;
				PRODUCT_BUNDLE_IDENTIFIER = com.pinar.test.TestiOSApp;
				PRODUCT_NAME = "$(TARGET_NAME)";
				SUPPORTED_PLATFORMS = "iphoneos iphonesimulator";
				SUPPORTS_MACCATALYST = NO;
				SUPPORTS_MAC_DESIGNED_FOR_IPHONE_IPAD = NO;
				SUPPORTS_XR_DESIGNED_FOR_IPHONE_IPAD = NO;
				SWIFT_EMIT_LOC_STRINGS = YES;
				SWIFT_VERSION = 5.0;
				TARGETED_DEVICE_FAMILY = "1,2";
			};
			name = Release;
		};
		9154167F2D62389700E72223 /* Debug */ = {
			isa = XCBuildConfiguration;
			buildSettings = {
				BUNDLE_LOADER = "$(TEST_HOST)";
				CODE_SIGN_STYLE = Automatic;
				CURRENT_PROJECT_VERSION = 1;
				DEVELOPMENT_TEAM = SH63W6PH4B;
				GENERATE_INFOPLIST_FILE = YES;
				IPHONEOS_DEPLOYMENT_TARGET = 18.2;
				MARKETING_VERSION = 1.0;
				PRODUCT_BUNDLE_IDENTIFIER = com.pinar.test.TestiOSAppTests;
				PRODUCT_NAME = "$(TARGET_NAME)";
				SWIFT_EMIT_LOC_STRINGS = NO;
				SWIFT_VERSION = 5.0;
				TARGETED_DEVICE_FAMILY = "1,2";
				TEST_HOST = "$(BUILT_PRODUCTS_DIR)/TestiOSApp.app/$(BUNDLE_EXECUTABLE_FOLDER_PATH)/TestiOSApp";
			};
			name = Debug;
		};
		915416802D62389700E72223 /* Release */ = {
			isa = XCBuildConfiguration;
			buildSettings = {
				BUNDLE_LOADER = "$(TEST_HOST)";
				CODE_SIGN_STYLE = Automatic;
				CURRENT_PROJECT_VERSION = 1;
				DEVELOPMENT_TEAM = SH63W6PH4B;
				GENERATE_INFOPLIST_FILE = YES;
				IPHONEOS_DEPLOYMENT_TARGET = 18.2;
				MARKETING_VERSION = 1.0;
				PRODUCT_BUNDLE_IDENTIFIER = com.pinar.test.TestiOSAppTests;
				PRODUCT_NAME = "$(TARGET_NAME)";
				SWIFT_EMIT_LOC_STRINGS = NO;
				SWIFT_VERSION = 5.0;
				TARGETED_DEVICE_FAMILY = "1,2";
				TEST_HOST = "$(BUILT_PRODUCTS_DIR)/TestiOSApp.app/$(BUNDLE_EXECUTABLE_FOLDER_PATH)/TestiOSApp";
			};
			name = Release;
		};
		915416822D62389700E72223 /* Debug */ = {
			isa = XCBuildConfiguration;
			buildSettings = {
				CODE_SIGN_STYLE = Automatic;
				CURRENT_PROJECT_VERSION = 1;
				DEVELOPMENT_TEAM = SH63W6PH4B;
				GENERATE_INFOPLIST_FILE = YES;
				MARKETING_VERSION = 1.0;
				PRODUCT_BUNDLE_IDENTIFIER = com.pinar.test.TestiOSAppUITests;
				PRODUCT_NAME = "$(TARGET_NAME)";
				SWIFT_EMIT_LOC_STRINGS = NO;
				SWIFT_VERSION = 5.0;
				TARGETED_DEVICE_FAMILY = "1,2";
				TEST_TARGET_NAME = TestiOSApp;
			};
			name = Debug;
		};
		915416832D62389700E72223 /* Release */ = {
			isa = XCBuildConfiguration;
			buildSettings = {
				CODE_SIGN_STYLE = Automatic;
				CURRENT_PROJECT_VERSION = 1;
				DEVELOPMENT_TEAM = SH63W6PH4B;
				GENERATE_INFOPLIST_FILE = YES;
				MARKETING_VERSION = 1.0;
				PRODUCT_BUNDLE_IDENTIFIER = com.pinar.test.TestiOSAppUITests;
				PRODUCT_NAME = "$(TARGET_NAME)";
				SWIFT_EMIT_LOC_STRINGS = NO;
				SWIFT_VERSION = 5.0;
				TARGETED_DEVICE_FAMILY = "1,2";
				TEST_TARGET_NAME = TestiOSApp;
			};
			name = Release;
		};
		915416B02D632CCF00E72223 /* Debug */ = {
			isa = XCBuildConfiguration;
			buildSettings = {
				ASSETCATALOG_COMPILER_APPICON_NAME = AppIcon;
				ASSETCATALOG_COMPILER_GLOBAL_ACCENT_COLOR_NAME = AccentColor;
				CODE_SIGN_ENTITLEMENTS = "Gravatar App Clip/Gravatar_App_Clip.entitlements";
				CODE_SIGN_STYLE = Automatic;
				CURRENT_PROJECT_VERSION = 4;
				DEVELOPMENT_ASSET_PATHS = "\"Gravatar App Clip/Preview Content\"";
				DEVELOPMENT_TEAM = SH63W6PH4B;
				ENABLE_PREVIEWS = YES;
				GENERATE_INFOPLIST_FILE = YES;
				INFOPLIST_FILE = "Gravatar App Clip/Info.plist";
				INFOPLIST_KEY_CFBundleDisplayName = TestiOSApp;
				INFOPLIST_KEY_UIApplicationSceneManifest_Generation = YES;
				INFOPLIST_KEY_UIApplicationSupportsIndirectInputEvents = YES;
				INFOPLIST_KEY_UILaunchScreen_Generation = YES;
				INFOPLIST_KEY_UISupportedInterfaceOrientations_iPad = "UIInterfaceOrientationPortrait UIInterfaceOrientationPortraitUpsideDown UIInterfaceOrientationLandscapeLeft UIInterfaceOrientationLandscapeRight";
				INFOPLIST_KEY_UISupportedInterfaceOrientations_iPhone = "UIInterfaceOrientationPortrait UIInterfaceOrientationLandscapeLeft UIInterfaceOrientationLandscapeRight";
				LD_RUNPATH_SEARCH_PATHS = (
					"$(inherited)",
					"@executable_path/Frameworks",
				);
				MARKETING_VERSION = 1.0.1;
				PRODUCT_BUNDLE_IDENTIFIER = com.pinar.test.TestiOSApp.Clip;
				PRODUCT_NAME = "$(TARGET_NAME)";
				SWIFT_EMIT_LOC_STRINGS = YES;
				SWIFT_VERSION = 5.0;
				TARGETED_DEVICE_FAMILY = "1,2";
			};
			name = Debug;
		};
		915416B12D632CCF00E72223 /* Release */ = {
			isa = XCBuildConfiguration;
			buildSettings = {
				ASSETCATALOG_COMPILER_APPICON_NAME = AppIcon;
				ASSETCATALOG_COMPILER_GLOBAL_ACCENT_COLOR_NAME = AccentColor;
				CODE_SIGN_ENTITLEMENTS = "Gravatar App Clip/Gravatar_App_Clip.entitlements";
				CODE_SIGN_STYLE = Automatic;
				CURRENT_PROJECT_VERSION = 4;
				DEVELOPMENT_ASSET_PATHS = "\"Gravatar App Clip/Preview Content\"";
				DEVELOPMENT_TEAM = SH63W6PH4B;
				ENABLE_PREVIEWS = YES;
				GENERATE_INFOPLIST_FILE = YES;
				INFOPLIST_FILE = "Gravatar App Clip/Info.plist";
				INFOPLIST_KEY_CFBundleDisplayName = TestiOSApp;
				INFOPLIST_KEY_UIApplicationSceneManifest_Generation = YES;
				INFOPLIST_KEY_UIApplicationSupportsIndirectInputEvents = YES;
				INFOPLIST_KEY_UILaunchScreen_Generation = YES;
				INFOPLIST_KEY_UISupportedInterfaceOrientations_iPad = "UIInterfaceOrientationPortrait UIInterfaceOrientationPortraitUpsideDown UIInterfaceOrientationLandscapeLeft UIInterfaceOrientationLandscapeRight";
				INFOPLIST_KEY_UISupportedInterfaceOrientations_iPhone = "UIInterfaceOrientationPortrait UIInterfaceOrientationLandscapeLeft UIInterfaceOrientationLandscapeRight";
				LD_RUNPATH_SEARCH_PATHS = (
					"$(inherited)",
					"@executable_path/Frameworks",
				);
				MARKETING_VERSION = 1.0.1;
				PRODUCT_BUNDLE_IDENTIFIER = com.pinar.test.TestiOSApp.Clip;
				PRODUCT_NAME = "$(TARGET_NAME)";
				SWIFT_EMIT_LOC_STRINGS = YES;
				SWIFT_VERSION = 5.0;
				TARGETED_DEVICE_FAMILY = "1,2";
			};
			name = Release;
		};
		915416B42D632CCF00E72223 /* Debug */ = {
			isa = XCBuildConfiguration;
			buildSettings = {
				BUNDLE_LOADER = "$(TEST_HOST)";
				CODE_SIGN_STYLE = Automatic;
				CURRENT_PROJECT_VERSION = 1;
				DEVELOPMENT_TEAM = SH63W6PH4B;
				GENERATE_INFOPLIST_FILE = YES;
				IPHONEOS_DEPLOYMENT_TARGET = 18.2;
				MARKETING_VERSION = 1.0;
				PRODUCT_BUNDLE_IDENTIFIER = "com.pinar.test.TestiOSApp.Gravatar-App-ClipTests";
				PRODUCT_NAME = "$(TARGET_NAME)";
				SWIFT_EMIT_LOC_STRINGS = NO;
				SWIFT_VERSION = 5.0;
				TARGETED_DEVICE_FAMILY = "1,2";
				TEST_HOST = "$(BUILT_PRODUCTS_DIR)/Gravatar App Clip.app/$(BUNDLE_EXECUTABLE_FOLDER_PATH)/Gravatar App Clip";
			};
			name = Debug;
		};
		915416B52D632CCF00E72223 /* Release */ = {
			isa = XCBuildConfiguration;
			buildSettings = {
				BUNDLE_LOADER = "$(TEST_HOST)";
				CODE_SIGN_STYLE = Automatic;
				CURRENT_PROJECT_VERSION = 1;
				DEVELOPMENT_TEAM = SH63W6PH4B;
				GENERATE_INFOPLIST_FILE = YES;
				IPHONEOS_DEPLOYMENT_TARGET = 18.2;
				MARKETING_VERSION = 1.0;
				PRODUCT_BUNDLE_IDENTIFIER = "com.pinar.test.TestiOSApp.Gravatar-App-ClipTests";
				PRODUCT_NAME = "$(TARGET_NAME)";
				SWIFT_EMIT_LOC_STRINGS = NO;
				SWIFT_VERSION = 5.0;
				TARGETED_DEVICE_FAMILY = "1,2";
				TEST_HOST = "$(BUILT_PRODUCTS_DIR)/Gravatar App Clip.app/$(BUNDLE_EXECUTABLE_FOLDER_PATH)/Gravatar App Clip";
			};
			name = Release;
		};
		915416B72D632CCF00E72223 /* Debug */ = {
			isa = XCBuildConfiguration;
			buildSettings = {
				CODE_SIGN_STYLE = Automatic;
				CURRENT_PROJECT_VERSION = 1;
				DEVELOPMENT_TEAM = SH63W6PH4B;
				GENERATE_INFOPLIST_FILE = YES;
				MARKETING_VERSION = 1.0;
				PRODUCT_BUNDLE_IDENTIFIER = "com.pinar.test.TestiOSApp.Gravatar-App-ClipUITests";
				PRODUCT_NAME = "$(TARGET_NAME)";
				SWIFT_EMIT_LOC_STRINGS = NO;
				SWIFT_VERSION = 5.0;
				TARGETED_DEVICE_FAMILY = "1,2";
				TEST_TARGET_NAME = "Gravatar App Clip";
			};
			name = Debug;
		};
		915416B82D632CCF00E72223 /* Release */ = {
			isa = XCBuildConfiguration;
			buildSettings = {
				CODE_SIGN_STYLE = Automatic;
				CURRENT_PROJECT_VERSION = 1;
				DEVELOPMENT_TEAM = SH63W6PH4B;
				GENERATE_INFOPLIST_FILE = YES;
				MARKETING_VERSION = 1.0;
				PRODUCT_BUNDLE_IDENTIFIER = "com.pinar.test.TestiOSApp.Gravatar-App-ClipUITests";
				PRODUCT_NAME = "$(TARGET_NAME)";
				SWIFT_EMIT_LOC_STRINGS = NO;
				SWIFT_VERSION = 5.0;
				TARGETED_DEVICE_FAMILY = "1,2";
				TEST_TARGET_NAME = "Gravatar App Clip";
			};
			name = Release;
		};
/* End XCBuildConfiguration section */

/* Begin XCConfigurationList section */
		915416522D62389600E72223 /* Build configuration list for PBXProject "TestiOSApp" */ = {
			isa = XCConfigurationList;
			buildConfigurations = (
				915416792D62389700E72223 /* Debug */,
				9154167A2D62389700E72223 /* Release */,
			);
			defaultConfigurationIsVisible = 0;
			defaultConfigurationName = Release;
		};
		9154167B2D62389700E72223 /* Build configuration list for PBXNativeTarget "TestiOSApp" */ = {
			isa = XCConfigurationList;
			buildConfigurations = (
				9154167C2D62389700E72223 /* Debug */,
				9154167D2D62389700E72223 /* Release */,
			);
			defaultConfigurationIsVisible = 0;
			defaultConfigurationName = Release;
		};
		9154167E2D62389700E72223 /* Build configuration list for PBXNativeTarget "TestiOSAppTests" */ = {
			isa = XCConfigurationList;
			buildConfigurations = (
				9154167F2D62389700E72223 /* Debug */,
				915416802D62389700E72223 /* Release */,
			);
			defaultConfigurationIsVisible = 0;
			defaultConfigurationName = Release;
		};
		915416812D62389700E72223 /* Build configuration list for PBXNativeTarget "TestiOSAppUITests" */ = {
			isa = XCConfigurationList;
			buildConfigurations = (
				915416822D62389700E72223 /* Debug */,
				915416832D62389700E72223 /* Release */,
			);
			defaultConfigurationIsVisible = 0;
			defaultConfigurationName = Release;
		};
		915416AF2D632CCF00E72223 /* Build configuration list for PBXNativeTarget "Gravatar App Clip" */ = {
			isa = XCConfigurationList;
			buildConfigurations = (
				915416B02D632CCF00E72223 /* Debug */,
				915416B12D632CCF00E72223 /* Release */,
			);
			defaultConfigurationIsVisible = 0;
			defaultConfigurationName = Release;
		};
		915416B32D632CCF00E72223 /* Build configuration list for PBXNativeTarget "Gravatar App ClipTests" */ = {
			isa = XCConfigurationList;
			buildConfigurations = (
				915416B42D632CCF00E72223 /* Debug */,
				915416B52D632CCF00E72223 /* Release */,
			);
			defaultConfigurationIsVisible = 0;
			defaultConfigurationName = Release;
		};
		915416B62D632CCF00E72223 /* Build configuration list for PBXNativeTarget "Gravatar App ClipUITests" */ = {
			isa = XCConfigurationList;
			buildConfigurations = (
				915416B72D632CCF00E72223 /* Debug */,
				915416B82D632CCF00E72223 /* Release */,
			);
			defaultConfigurationIsVisible = 0;
			defaultConfigurationName = Release;
		};
/* End XCConfigurationList section */
	};
	rootObject = 9154164F2D62389600E72223 /* Project object */;
}
